
Microsoft Visual Studio Solution File, Format Version 12.00
# Visual Studio Version 17
VisualStudioVersion = 17.0.31903.59
MinimumVisualStudioVersion = 10.0.40219.1
Project("{FAE04EC0-301F-11D3-BF4B-00C04F79EFBC}") = "API", "API\API.csproj", "{A7F0923C-5E29-4C4A-BE4E-56B4B49872C5}"
EndProject
Project("{FAE04EC0-301F-11D3-BF4B-00C04F79EFBC}") = "Application", "Application\Application.csproj", "{440BC262-BC80-4078-87CC-93F1D5184528}"
EndProject
Project("{FAE04EC0-301F-11D3-BF4B-00C04F79EFBC}") = "Domain", "Domain\Domain.csproj", "{82118905-173F-4D0D-920F-1071D5114C02}"
EndProject
Project("{FAE04EC0-301F-11D3-BF4B-00C04F79EFBC}") = "Persistence", "Persistence\Persistence.csproj", "{BC43AAA4-4AD2-4C5D-9086-ECCAA7407448}"
EndProject
Global
	GlobalSection(SolutionConfigurationPlatforms) = preSolution
		Debug|Any CPU = Debug|Any CPU
		Release|Any CPU = Release|Any CPU
	EndGlobalSection
	GlobalSection(SolutionProperties) = preSolution
		HideSolutionNode = FALSE
	EndGlobalSection
	GlobalSection(ProjectConfigurationPlatforms) = postSolution
		{A7F0923C-5E29-4C4A-BE4E-56B4B49872C5}.Debug|Any CPU.ActiveCfg = Debug|Any CPU
		{A7F0923C-5E29-4C4A-BE4E-56B4B49872C5}.Debug|Any CPU.Build.0 = Debug|Any CPU
		{A7F0923C-5E29-4C4A-BE4E-56B4B49872C5}.Release|Any CPU.ActiveCfg = Release|Any CPU
		{A7F0923C-5E29-4C4A-BE4E-56B4B49872C5}.Release|Any CPU.Build.0 = Release|Any CPU
		{440BC262-BC80-4078-87CC-93F1D5184528}.Debug|Any CPU.ActiveCfg = Debug|Any CPU
		{440BC262-BC80-4078-87CC-93F1D5184528}.Debug|Any CPU.Build.0 = Debug|Any CPU
		{440BC262-BC80-4078-87CC-93F1D5184528}.Release|Any CPU.ActiveCfg = Release|Any CPU
		{440BC262-BC80-4078-87CC-93F1D5184528}.Release|Any CPU.Build.0 = Release|Any CPU
		{82118905-173F-4D0D-920F-1071D5114C02}.Debug|Any CPU.ActiveCfg = Debug|Any CPU
		{82118905-173F-4D0D-920F-1071D5114C02}.Debug|Any CPU.Build.0 = Debug|Any CPU
		{82118905-173F-4D0D-920F-1071D5114C02}.Release|Any CPU.ActiveCfg = Release|Any CPU
		{82118905-173F-4D0D-920F-1071D5114C02}.Release|Any CPU.Build.0 = Release|Any CPU
		{BC43AAA4-4AD2-4C5D-9086-ECCAA7407448}.Debug|Any CPU.ActiveCfg = Debug|Any CPU
		{BC43AAA4-4AD2-4C5D-9086-ECCAA7407448}.Debug|Any CPU.Build.0 = Debug|Any CPU
		{BC43AAA4-4AD2-4C5D-9086-ECCAA7407448}.Release|Any CPU.ActiveCfg = Release|Any CPU
		{BC43AAA4-4AD2-4C5D-9086-ECCAA7407448}.Release|Any CPU.Build.0 = Release|Any CPU
	EndGlobalSection
EndGlobal
